// !$*UTF8*$!
{
	archiveVersion = 1;
	classes = {
	};
	objectVersion = 50;
	objects = {

/* Begin PBXBuildFile section */
		570B96B021D99A1500344B92 /* AppDelegate.swift in Sources */ = {isa = PBXBuildFile; fileRef = 570B96AF21D99A1500344B92 /* AppDelegate.swift */; };
		570B96B221D99A1500344B92 /* ViewController.swift in Sources */ = {isa = PBXBuildFile; fileRef = 570B96B121D99A1500344B92 /* ViewController.swift */; };
		570B96B521D99A1500344B92 /* Main.storyboard in Resources */ = {isa = PBXBuildFile; fileRef = 570B96B321D99A1500344B92 /* Main.storyboard */; };
		570B96B821D99A1500344B92 /* keypad.xcdatamodeld in Sources */ = {isa = PBXBuildFile; fileRef = 570B96B621D99A1500344B92 /* keypad.xcdatamodeld */; };
		570B96BA21D99A1600344B92 /* Assets.xcassets in Resources */ = {isa = PBXBuildFile; fileRef = 570B96B921D99A1600344B92 /* Assets.xcassets */; };
		570B96BD21D99A1600344B92 /* LaunchScreen.storyboard in Resources */ = {isa = PBXBuildFile; fileRef = 570B96BB21D99A1600344B92 /* LaunchScreen.storyboard */; };
		570B96C821D99A1600344B92 /* keypadTests.swift in Sources */ = {isa = PBXBuildFile; fileRef = 570B96C721D99A1600344B92 /* keypadTests.swift */; };
		570B96D321D99A1600344B92 /* keypadUITests.swift in Sources */ = {isa = PBXBuildFile; fileRef = 570B96D221D99A1600344B92 /* keypadUITests.swift */; };
/* End PBXBuildFile section */

/* Begin PBXContainerItemProxy section */
		570B96C421D99A1600344B92 /* PBXContainerItemProxy */ = {
			isa = PBXContainerItemProxy;
			containerPortal = 570B96A421D99A1500344B92 /* Project object */;
			proxyType = 1;
			remoteGlobalIDString = 570B96AB21D99A1500344B92;
			remoteInfo = keypad;
		};
		570B96CF21D99A1600344B92 /* PBXContainerItemProxy */ = {
			isa = PBXContainerItemProxy;
			containerPortal = 570B96A421D99A1500344B92 /* Project object */;
			proxyType = 1;
			remoteGlobalIDString = 570B96AB21D99A1500344B92;
			remoteInfo = keypad;
		};
/* End PBXContainerItemProxy section */

/* Begin PBXFileReference section */
		570B96AC21D99A1500344B92 /* keypad.app */ = {isa = PBXFileReference; explicitFileType = wrapper.application; includeInIndex = 0; path = keypad.app; sourceTree = BUILT_PRODUCTS_DIR; };
		570B96AF21D99A1500344B92 /* AppDelegate.swift */ = {isa = PBXFileReference; lastKnownFileType = sourcecode.swift; path = AppDelegate.swift; sourceTree = "<group>"; };
		570B96B121D99A1500344B92 /* ViewController.swift */ = {isa = PBXFileReference; lastKnownFileType = sourcecode.swift; path = ViewController.swift; sourceTree = "<group>"; };
		570B96B421D99A1500344B92 /* Base */ = {isa = PBXFileReference; lastKnownFileType = file.storyboard; name = Base; path = Base.lproj/Main.storyboard; sourceTree = "<group>"; };
		570B96B721D99A1500344B92 /* keypad.xcdatamodel */ = {isa = PBXFileReference; lastKnownFileType = wrapper.xcdatamodel; path = keypad.xcdatamodel; sourceTree = "<group>"; };
		570B96B921D99A1600344B92 /* Assets.xcassets */ = {isa = PBXFileReference; lastKnownFileType = folder.assetcatalog; path = Assets.xcassets; sourceTree = "<group>"; };
		570B96BC21D99A1600344B92 /* Base */ = {isa = PBXFileReference; lastKnownFileType = file.storyboard; name = Base; path = Base.lproj/LaunchScreen.storyboard; sourceTree = "<group>"; };
		570B96BE21D99A1600344B92 /* Info.plist */ = {isa = PBXFileReference; lastKnownFileType = text.plist.xml; path = Info.plist; sourceTree = "<group>"; };
		570B96C321D99A1600344B92 /* keypadTests.xctest */ = {isa = PBXFileReference; explicitFileType = wrapper.cfbundle; includeInIndex = 0; path = keypadTests.xctest; sourceTree = BUILT_PRODUCTS_DIR; };
		570B96C721D99A1600344B92 /* keypadTests.swift */ = {isa = PBXFileReference; lastKnownFileType = sourcecode.swift; path = keypadTests.swift; sourceTree = "<group>"; };
		570B96C921D99A1600344B92 /* Info.plist */ = {isa = PBXFileReference; lastKnownFileType = text.plist.xml; path = Info.plist; sourceTree = "<group>"; };
		570B96CE21D99A1600344B92 /* keypadUITests.xctest */ = {isa = PBXFileReference; explicitFileType = wrapper.cfbundle; includeInIndex = 0; path = keypadUITests.xctest; sourceTree = BUILT_PRODUCTS_DIR; };
		570B96D221D99A1600344B92 /* keypadUITests.swift */ = {isa = PBXFileReference; lastKnownFileType = sourcecode.swift; path = keypadUITests.swift; sourceTree = "<group>"; };
		570B96D421D99A1600344B92 /* Info.plist */ = {isa = PBXFileReference; lastKnownFileType = text.plist.xml; path = Info.plist; sourceTree = "<group>"; };
/* End PBXFileReference section */

/* Begin PBXFrameworksBuildPhase section */
		570B96A921D99A1500344B92 /* Frameworks */ = {
			isa = PBXFrameworksBuildPhase;
			buildActionMask = 2147483647;
			files = (
			);
			runOnlyForDeploymentPostprocessing = 0;
		};
		570B96C021D99A1600344B92 /* Frameworks */ = {
			isa = PBXFrameworksBuildPhase;
			buildActionMask = 2147483647;
			files = (
			);
			runOnlyForDeploymentPostprocessing = 0;
		};
		570B96CB21D99A1600344B92 /* Frameworks */ = {
			isa = PBXFrameworksBuildPhase;
			buildActionMask = 2147483647;
			files = (
			);
			runOnlyForDeploymentPostprocessing = 0;
		};
/* End PBXFrameworksBuildPhase section */

/* Begin PBXGroup section */
		570B96A321D99A1500344B92 = {
			isa = PBXGroup;
			children = (
				570B96AE21D99A1500344B92 /* keypad */,
				570B96C621D99A1600344B92 /* keypadTests */,
				570B96D121D99A1600344B92 /* keypadUITests */,
				570B96AD21D99A1500344B92 /* Products */,
			);
			sourceTree = "<group>";
		};
		570B96AD21D99A1500344B92 /* Products */ = {
			isa = PBXGroup;
			children = (
				570B96AC21D99A1500344B92 /* keypad.app */,
				570B96C321D99A1600344B92 /* keypadTests.xctest */,
				570B96CE21D99A1600344B92 /* keypadUITests.xctest */,
			);
			name = Products;
			sourceTree = "<group>";
		};
		570B96AE21D99A1500344B92 /* keypad */ = {
			isa = PBXGroup;
			children = (
				570B96AF21D99A1500344B92 /* AppDelegate.swift */,
				570B96B121D99A1500344B92 /* ViewController.swift */,
				570B96B321D99A1500344B92 /* Main.storyboard */,
				570B96B921D99A1600344B92 /* Assets.xcassets */,
				570B96BB21D99A1600344B92 /* LaunchScreen.storyboard */,
				570B96BE21D99A1600344B92 /* Info.plist */,
				570B96B621D99A1500344B92 /* keypad.xcdatamodeld */,
			);
			path = keypad;
			sourceTree = "<group>";
		};
		570B96C621D99A1600344B92 /* keypadTests */ = {
			isa = PBXGroup;
			children = (
				570B96C721D99A1600344B92 /* keypadTests.swift */,
				570B96C921D99A1600344B92 /* Info.plist */,
			);
			path = keypadTests;
			sourceTree = "<group>";
		};
		570B96D121D99A1600344B92 /* keypadUITests */ = {
			isa = PBXGroup;
			children = (
				570B96D221D99A1600344B92 /* keypadUITests.swift */,
				570B96D421D99A1600344B92 /* Info.plist */,
			);
			path = keypadUITests;
			sourceTree = "<group>";
		};
/* End PBXGroup section */

/* Begin PBXNativeTarget section */
		570B96AB21D99A1500344B92 /* keypad */ = {
			isa = PBXNativeTarget;
			buildConfigurationList = 570B96D721D99A1600344B92 /* Build configuration list for PBXNativeTarget "keypad" */;
			buildPhases = (
				570B96A821D99A1500344B92 /* Sources */,
				570B96A921D99A1500344B92 /* Frameworks */,
				570B96AA21D99A1500344B92 /* Resources */,
			);
			buildRules = (
			);
			dependencies = (
			);
			name = keypad;
			productName = keypad;
			productReference = 570B96AC21D99A1500344B92 /* keypad.app */;
			productType = "com.apple.product-type.application";
		};
		570B96C221D99A1600344B92 /* keypadTests */ = {
			isa = PBXNativeTarget;
			buildConfigurationList = 570B96DA21D99A1600344B92 /* Build configuration list for PBXNativeTarget "keypadTests" */;
			buildPhases = (
				570B96BF21D99A1600344B92 /* Sources */,
				570B96C021D99A1600344B92 /* Frameworks */,
				570B96C121D99A1600344B92 /* Resources */,
			);
			buildRules = (
			);
			dependencies = (
				570B96C521D99A1600344B92 /* PBXTargetDependency */,
			);
			name = keypadTests;
			productName = keypadTests;
			productReference = 570B96C321D99A1600344B92 /* keypadTests.xctest */;
			productType = "com.apple.product-type.bundle.unit-test";
		};
		570B96CD21D99A1600344B92 /* keypadUITests */ = {
			isa = PBXNativeTarget;
			buildConfigurationList = 570B96DD21D99A1600344B92 /* Build configuration list for PBXNativeTarget "keypadUITests" */;
			buildPhases = (
				570B96CA21D99A1600344B92 /* Sources */,
				570B96CB21D99A1600344B92 /* Frameworks */,
				570B96CC21D99A1600344B92 /* Resources */,
			);
			buildRules = (
			);
			dependencies = (
				570B96D021D99A1600344B92 /* PBXTargetDependency */,
			);
			name = keypadUITests;
			productName = keypadUITests;
			productReference = 570B96CE21D99A1600344B92 /* keypadUITests.xctest */;
			productType = "com.apple.product-type.bundle.ui-testing";
		};
/* End PBXNativeTarget section */

/* Begin PBXProject section */
		570B96A421D99A1500344B92 /* Project object */ = {
			isa = PBXProject;
			attributes = {
				LastSwiftUpdateCheck = 1010;
				LastUpgradeCheck = 1010;
				ORGANIZATIONNAME = "박일호";
				TargetAttributes = {
					570B96AB21D99A1500344B92 = {
						CreatedOnToolsVersion = 10.1;
					};
					570B96C221D99A1600344B92 = {
						CreatedOnToolsVersion = 10.1;
						TestTargetID = 570B96AB21D99A1500344B92;
					};
					570B96CD21D99A1600344B92 = {
						CreatedOnToolsVersion = 10.1;
						TestTargetID = 570B96AB21D99A1500344B92;
					};
				};
			};
			buildConfigurationList = 570B96A721D99A1500344B92 /* Build configuration list for PBXProject "keypad" */;
			compatibilityVersion = "Xcode 9.3";
			developmentRegion = en;
			hasScannedForEncodings = 0;
			knownRegions = (
				en,
				Base,
			);
			mainGroup = 570B96A321D99A1500344B92;
			productRefGroup = 570B96AD21D99A1500344B92 /* Products */;
			projectDirPath = "";
			projectRoot = "";
			targets = (
				570B96AB21D99A1500344B92 /* keypad */,
				570B96C221D99A1600344B92 /* keypadTests */,
				570B96CD21D99A1600344B92 /* keypadUITests */,
			);
		};
/* End PBXProject section */

/* Begin PBXResourcesBuildPhase section */
		570B96AA21D99A1500344B92 /* Resources */ = {
			isa = PBXResourcesBuildPhase;
			buildActionMask = 2147483647;
			files = (
				570B96BD21D99A1600344B92 /* LaunchScreen.storyboard in Resources */,
				570B96BA21D99A1600344B92 /* Assets.xcassets in Resources */,
				570B96B521D99A1500344B92 /* Main.storyboard in Resources */,
			);
			runOnlyForDeploymentPostprocessing = 0;
		};
		570B96C121D99A1600344B92 /* Resources */ = {
			isa = PBXResourcesBuildPhase;
			buildActionMask = 2147483647;
			files = (
			);
			runOnlyForDeploymentPostprocessing = 0;
		};
		570B96CC21D99A1600344B92 /* Resources */ = {
			isa = PBXResourcesBuildPhase;
			buildActionMask = 2147483647;
			files = (
			);
			runOnlyForDeploymentPostprocessing = 0;
		};
/* End PBXResourcesBuildPhase section */

/* Begin PBXSourcesBuildPhase section */
		570B96A821D99A1500344B92 /* Sources */ = {
			isa = PBXSourcesBuildPhase;
			buildActionMask = 2147483647;
			files = (
				570B96B221D99A1500344B92 /* ViewController.swift in Sources */,
				570B96B021D99A1500344B92 /* AppDelegate.swift in Sources */,
				570B96B821D99A1500344B92 /* keypad.xcdatamodeld in Sources */,
			);
			runOnlyForDeploymentPostprocessing = 0;
		};
		570B96BF21D99A1600344B92 /* Sources */ = {
			isa = PBXSourcesBuildPhase;
			buildActionMask = 2147483647;
			files = (
				570B96C821D99A1600344B92 /* keypadTests.swift in Sources */,
			);
			runOnlyForDeploymentPostprocessing = 0;
		};
		570B96CA21D99A1600344B92 /* Sources */ = {
			isa = PBXSourcesBuildPhase;
			buildActionMask = 2147483647;
			files = (
				570B96D321D99A1600344B92 /* keypadUITests.swift in Sources */,
			);
			runOnlyForDeploymentPostprocessing = 0;
		};
/* End PBXSourcesBuildPhase section */

/* Begin PBXTargetDependency section */
		570B96C521D99A1600344B92 /* PBXTargetDependency */ = {
			isa = PBXTargetDependency;
			target = 570B96AB21D99A1500344B92 /* keypad */;
			targetProxy = 570B96C421D99A1600344B92 /* PBXContainerItemProxy */;
		};
		570B96D021D99A1600344B92 /* PBXTargetDependency */ = {
			isa = PBXTargetDependency;
			target = 570B96AB21D99A1500344B92 /* keypad */;
			targetProxy = 570B96CF21D99A1600344B92 /* PBXContainerItemProxy */;
		};
/* End PBXTargetDependency section */

/* Begin PBXVariantGroup section */
		570B96B321D99A1500344B92 /* Main.storyboard */ = {
			isa = PBXVariantGroup;
			children = (
				570B96B421D99A1500344B92 /* Base */,
			);
			name = Main.storyboard;
			sourceTree = "<group>";
		};
		570B96BB21D99A1600344B92 /* LaunchScreen.storyboard */ = {
			isa = PBXVariantGroup;
			children = (
				570B96BC21D99A1600344B92 /* Base */,
			);
			name = LaunchScreen.storyboard;
			sourceTree = "<group>";
		};
/* End PBXVariantGroup section */

/* Begin XCBuildConfiguration section */
		570B96D521D99A1600344B92 /* Debug */ = {
			isa = XCBuildConfiguration;
			buildSettings = {
				ALWAYS_SEARCH_USER_PATHS = NO;
				CLANG_ANALYZER_NONNULL = YES;
				CLANG_ANALYZER_NUMBER_OBJECT_CONVERSION = YES_AGGRESSIVE;
				CLANG_CXX_LANGUAGE_STANDARD = "gnu++14";
				CLANG_CXX_LIBRARY = "libc++";
				CLANG_ENABLE_MODULES = YES;
				CLANG_ENABLE_OBJC_ARC = YES;
				CLANG_ENABLE_OBJC_WEAK = YES;
				CLANG_WARN_BLOCK_CAPTURE_AUTORELEASING = YES;
				CLANG_WARN_BOOL_CONVERSION = YES;
				CLANG_WARN_COMMA = YES;
				CLANG_WARN_CONSTANT_CONVERSION = YES;
				CLANG_WARN_DEPRECATED_OBJC_IMPLEMENTATIONS = YES;
				CLANG_WARN_DIRECT_OBJC_ISA_USAGE = YES_ERROR;
				CLANG_WARN_DOCUMENTATION_COMMENTS = YES;
				CLANG_WARN_EMPTY_BODY = YES;
				CLANG_WARN_ENUM_CONVERSION = YES;
				CLANG_WARN_INFINITE_RECURSION = YES;
				CLANG_WARN_INT_CONVERSION = YES;
				CLANG_WARN_NON_LITERAL_NULL_CONVERSION = YES;
				CLANG_WARN_OBJC_IMPLICIT_RETAIN_SELF = YES;
				CLANG_WARN_OBJC_LITERAL_CONVERSION = YES;
				CLANG_WARN_OBJC_ROOT_CLASS = YES_ERROR;
				CLANG_WARN_RANGE_LOOP_ANALYSIS = YES;
				CLANG_WARN_STRICT_PROTOTYPES = YES;
				CLANG_WARN_SUSPICIOUS_MOVE = YES;
				CLANG_WARN_UNGUARDED_AVAILABILITY = YES_AGGRESSIVE;
				CLANG_WARN_UNREACHABLE_CODE = YES;
				CLANG_WARN__DUPLICATE_METHOD_MATCH = YES;
				CODE_SIGN_IDENTITY = "iPhone Developer";
				COPY_PHASE_STRIP = NO;
				DEBUG_INFORMATION_FORMAT = dwarf;
				ENABLE_STRICT_OBJC_MSGSEND = YES;
				ENABLE_TESTABILITY = YES;
				GCC_C_LANGUAGE_STANDARD = gnu11;
				GCC_DYNAMIC_NO_PIC = NO;
				GCC_NO_COMMON_BLOCKS = YES;
				GCC_OPTIMIZATION_LEVEL = 0;
				GCC_PREPROCESSOR_DEFINITIONS = (
					"DEBUG=1",
					"$(inherited)",
				);
				GCC_WARN_64_TO_32_BIT_CONVERSION = YES;
				GCC_WARN_ABOUT_RETURN_TYPE = YES_ERROR;
				GCC_WARN_UNDECLARED_SELECTOR = YES;
				GCC_WARN_UNINITIALIZED_AUTOS = YES_AGGRESSIVE;
				GCC_WARN_UNUSED_FUNCTION = YES;
				GCC_WARN_UNUSED_VARIABLE = YES;
				IPHONEOS_DEPLOYMENT_TARGET = 12.1;
				MTL_ENABLE_DEBUG_INFO = INCLUDE_SOURCE;
				MTL_FAST_MATH = YES;
				ONLY_ACTIVE_ARCH = YES;
				SDKROOT = iphoneos;
				SWIFT_ACTIVE_COMPILATION_CONDITIONS = DEBUG;
				SWIFT_OPTIMIZATION_LEVEL = "-Onone";
			};
			name = Debug;
		};
		570B96D621D99A1600344B92 /* Release */ = {
			isa = XCBuildConfiguration;
			buildSettings = {
				ALWAYS_SEARCH_USER_PATHS = NO;
				CLANG_ANALYZER_NONNULL = YES;
				CLANG_ANALYZER_NUMBER_OBJECT_CONVERSION = YES_AGGRESSIVE;
				CLANG_CXX_LANGUAGE_STANDARD = "gnu++14";
				CLANG_CXX_LIBRARY = "libc++";
				CLANG_ENABLE_MODULES = YES;
				CLANG_ENABLE_OBJC_ARC = YES;
				CLANG_ENABLE_OBJC_WEAK = YES;
				CLANG_WARN_BLOCK_CAPTURE_AUTORELEASING = YES;
				CLANG_WARN_BOOL_CONVERSION = YES;
				CLANG_WARN_COMMA = YES;
				CLANG_WARN_CONSTANT_CONVERSION = YES;
				CLANG_WARN_DEPRECATED_OBJC_IMPLEMENTATIONS = YES;
				CLANG_WARN_DIRECT_OBJC_ISA_USAGE = YES_ERROR;
				CLANG_WARN_DOCUMENTATION_COMMENTS = YES;
				CLANG_WARN_EMPTY_BODY = YES;
				CLANG_WARN_ENUM_CONVERSION = YES;
				CLANG_WARN_INFINITE_RECURSION = YES;
				CLANG_WARN_INT_CONVERSION = YES;
				CLANG_WARN_NON_LITERAL_NULL_CONVERSION = YES;
				CLANG_WARN_OBJC_IMPLICIT_RETAIN_SELF = YES;
				CLANG_WARN_OBJC_LITERAL_CONVERSION = YES;
				CLANG_WARN_OBJC_ROOT_CLASS = YES_ERROR;
				CLANG_WARN_RANGE_LOOP_ANALYSIS = YES;
				CLANG_WARN_STRICT_PROTOTYPES = YES;
				CLANG_WARN_SUSPICIOUS_MOVE = YES;
				CLANG_WARN_UNGUARDED_AVAILABILITY = YES_AGGRESSIVE;
				CLANG_WARN_UNREACHABLE_CODE = YES;
				CLANG_WARN__DUPLICATE_METHOD_MATCH = YES;
				CODE_SIGN_IDENTITY = "iPhone Developer";
				COPY_PHASE_STRIP = NO;
				DEBUG_INFORMATION_FORMAT = "dwarf-with-dsym";
				ENABLE_NS_ASSERTIONS = NO;
				ENABLE_STRICT_OBJC_MSGSEND = YES;
				GCC_C_LANGUAGE_STANDARD = gnu11;
				GCC_NO_COMMON_BLOCKS = YES;
				GCC_WARN_64_TO_32_BIT_CONVERSION = YES;
				GCC_WARN_ABOUT_RETURN_TYPE = YES_ERROR;
				GCC_WARN_UNDECLARED_SELECTOR = YES;
				GCC_WARN_UNINITIALIZED_AUTOS = YES_AGGRESSIVE;
				GCC_WARN_UNUSED_FUNCTION = YES;
				GCC_WARN_UNUSED_VARIABLE = YES;
				IPHONEOS_DEPLOYMENT_TARGET = 12.1;
				MTL_ENABLE_DEBUG_INFO = NO;
				MTL_FAST_MATH = YES;
				SDKROOT = iphoneos;
				SWIFT_COMPILATION_MODE = wholemodule;
				SWIFT_OPTIMIZATION_LEVEL = "-O";
				VALIDATE_PRODUCT = YES;
			};
			name = Release;
		};
		570B96D821D99A1600344B92 /* Debug */ = {
			isa = XCBuildConfiguration;
			buildSettings = {
				ASSETCATALOG_COMPILER_APPICON_NAME = AppIcon;
				CODE_SIGN_STYLE = Automatic;
				DEVELOPMENT_TEAM = TK5T4T8UH2;
				INFOPLIST_FILE = keypad/Info.plist;
				LD_RUNPATH_SEARCH_PATHS = (
					"$(inherited)",
					"@executable_path/Frameworks",
				);
				PRODUCT_BUNDLE_IDENTIFIER = com.ian.keypad;
				PRODUCT_NAME = "$(TARGET_NAME)";
				SWIFT_VERSION = 4.2;
				TARGETED_DEVICE_FAMILY = "1,2";
			};
			name = Debug;
		};
		570B96D921D99A1600344B92 /* Release */ = {
			isa = XCBuildConfiguration;
			buildSettings = {
				ASSETCATALOG_COMPILER_APPICON_NAME = AppIcon;
				CODE_SIGN_STYLE = Automatic;
				DEVELOPMENT_TEAM = TK5T4T8UH2;
				INFOPLIST_FILE = keypad/Info.plist;
				LD_RUNPATH_SEARCH_PATHS = (
					"$(inherited)",
					"@executable_path/Frameworks",
				);
				PRODUCT_BUNDLE_IDENTIFIER = com.ian.keypad;
				PRODUCT_NAME = "$(TARGET_NAME)";
				SWIFT_VERSION = 4.2;
				TARGETED_DEVICE_FAMILY = "1,2";
			};
			name = Release;
		};
		570B96DB21D99A1600344B92 /* Debug */ = {
			isa = XCBuildConfiguration;
			buildSettings = {
				ALWAYS_EMBED_SWIFT_STANDARD_LIBRARIES = YES;
				BUNDLE_LOADER = "$(TEST_HOST)";
				CODE_SIGN_STYLE = Automatic;
				DEVELOPMENT_TEAM = TK5T4T8UH2;
				INFOPLIST_FILE = keypadTests/Info.plist;
				LD_RUNPATH_SEARCH_PATHS = (
					"$(inherited)",
					"@executable_path/Frameworks",
					"@loader_path/Frameworks",
				);
				PRODUCT_BUNDLE_IDENTIFIER = com.ian.keypadTests;
				PRODUCT_NAME = "$(TARGET_NAME)";
				SWIFT_VERSION = 4.2;
				TARGETED_DEVICE_FAMILY = "1,2";
				TEST_HOST = "$(BUILT_PRODUCTS_DIR)/keypad.app/keypad";
			};
			name = Debug;
		};
		570B96DC21D99A1600344B92 /* Release */ = {
			isa = XCBuildConfiguration;
			buildSettings = {
				ALWAYS_EMBED_SWIFT_STANDARD_LIBRARIES = YES;
				BUNDLE_LOADER = "$(TEST_HOST)";
				CODE_SIGN_STYLE = Automatic;
				DEVELOPMENT_TEAM = TK5T4T8UH2;
				INFOPLIST_FILE = keypadTests/Info.plist;
				LD_RUNPATH_SEARCH_PATHS = (
					"$(inherited)",
					"@executable_path/Frameworks",
					"@loader_path/Frameworks",
				);
				PRODUCT_BUNDLE_IDENTIFIER = com.ian.keypadTests;
				PRODUCT_NAME = "$(TARGET_NAME)";
				SWIFT_VERSION = 4.2;
				TARGETED_DEVICE_FAMILY = "1,2";
				TEST_HOST = "$(BUILT_PRODUCTS_DIR)/keypad.app/keypad";
			};
			name = Release;
		};
		570B96DE21D99A1600344B92 /* Debug */ = {
			isa = XCBuildConfiguration;
			buildSettings = {
				ALWAYS_EMBED_SWIFT_STANDARD_LIBRARIES = YES;
				CODE_SIGN_STYLE = Automatic;
				DEVELOPMENT_TEAM = TK5T4T8UH2;
				INFOPLIST_FILE = keypadUITests/Info.plist;
				LD_RUNPATH_SEARCH_PATHS = (
					"$(inherited)",
					"@executable_path/Frameworks",
					"@loader_path/Frameworks",
				);
				PRODUCT_BUNDLE_IDENTIFIER = com.ian.keypadUITests;
				PRODUCT_NAME = "$(TARGET_NAME)";
				SWIFT_VERSION = 4.2;
				TARGETED_DEVICE_FAMILY = "1,2";
				TEST_TARGET_NAME = keypad;
			};
			name = Debug;
		};
		570B96DF21D99A1600344B92 /* Release */ = {
			isa = XCBuildConfiguration;
			buildSettings = {
				ALWAYS_EMBED_SWIFT_STANDARD_LIBRARIES = YES;
				CODE_SIGN_STYLE = Automatic;
				DEVELOPMENT_TEAM = TK5T4T8UH2;
				INFOPLIST_FILE = keypadUITests/Info.plist;
				LD_RUNPATH_SEARCH_PATHS = (
					"$(inherited)",
					"@executable_path/Frameworks",
					"@loader_path/Frameworks",
				);
				PRODUCT_BUNDLE_IDENTIFIER = com.ian.keypadUITests;
				PRODUCT_NAME = "$(TARGET_NAME)";
				SWIFT_VERSION = 4.2;
				TARGETED_DEVICE_FAMILY = "1,2";
				TEST_TARGET_NAME = keypad;
			};
			name = Release;
		};
/* End XCBuildConfiguration section */

/* Begin XCConfigurationList section */
		570B96A721D99A1500344B92 /* Build configuration list for PBXProject "keypad" */ = {
			isa = XCConfigurationList;
			buildConfigurations = (
				570B96D521D99A1600344B92 /* Debug */,
				570B96D621D99A1600344B92 /* Release */,
			);
			defaultConfigurationIsVisible = 0;
			defaultConfigurationName = Release;
		};
		570B96D721D99A1600344B92 /* Build configuration list for PBXNativeTarget "keypad" */ = {
			isa = XCConfigurationList;
			buildConfigurations = (
				570B96D821D99A1600344B92 /* Debug */,
				570B96D921D99A1600344B92 /* Release */,
			);
			defaultConfigurationIsVisible = 0;
			defaultConfigurationName = Release;
		};
		570B96DA21D99A1600344B92 /* Build configuration list for PBXNativeTarget "keypadTests" */ = {
			isa = XCConfigurationList;
			buildConfigurations = (
				570B96DB21D99A1600344B92 /* Debug */,
				570B96DC21D99A1600344B92 /* Release */,
			);
			defaultConfigurationIsVisible = 0;
			defaultConfigurationName = Release;
		};
		570B96DD21D99A1600344B92 /* Build configuration list for PBXNativeTarget "keypadUITests" */ = {
			isa = XCConfigurationList;
			buildConfigurations = (
				570B96DE21D99A1600344B92 /* Debug */,
				570B96DF21D99A1600344B92 /* Release */,
			);
			defaultConfigurationIsVisible = 0;
			defaultConfigurationName = Release;
		};
/* End XCConfigurationList section */

/* Begin XCVersionGroup section */
		570B96B621D99A1500344B92 /* keypad.xcdatamodeld */ = {
			isa = XCVersionGroup;
			children = (
				570B96B721D99A1500344B92 /* keypad.xcdatamodel */,
			);
			currentVersion = 570B96B721D99A1500344B92 /* keypad.xcdatamodel */;
			path = keypad.xcdatamodeld;
			sourceTree = "<group>";
			versionGroupType = wrapper.xcdatamodel;
		};
/* End XCVersionGroup section */
	};
	rootObject = 570B96A421D99A1500344B92 /* Project object */;
}
